
Microsoft Visual Studio Solution File, Format Version 12.00
# Visual Studio Version 16
VisualStudioVersion = 16.0.30517.126
MinimumVisualStudioVersion = 10.0.40219.1
Project("{9A19103F-16F7-4668-BE54-9A1E7A4F7556}") = "Api", "confitech\Api.csproj", "{4DCF8A9C-CFB9-422C-8CC9-E94787443236}"
EndProject
Project("{9A19103F-16F7-4668-BE54-9A1E7A4F7556}") = "Domain", "Domain\Domain.csproj", "{1F58AB85-57CD-43FA-A732-4988F6E46D0F}"
EndProject
Project("{9A19103F-16F7-4668-BE54-9A1E7A4F7556}") = "Infrastructure", "Infrastructure\Infrastructure.csproj", "{33E91894-F6B3-47F5-A193-BDB92517E8BB}"
EndProject
Global
	GlobalSection(SolutionConfigurationPlatforms) = preSolution
		Debug|Any CPU = Debug|Any CPU
		Release|Any CPU = Release|Any CPU
	EndGlobalSection
	GlobalSection(ProjectConfigurationPlatforms) = postSolution
		{4DCF8A9C-CFB9-422C-8CC9-E94787443236}.Debug|Any CPU.ActiveCfg = Debug|Any CPU
		{4DCF8A9C-CFB9-422C-8CC9-E94787443236}.Debug|Any CPU.Build.0 = Debug|Any CPU
		{4DCF8A9C-CFB9-422C-8CC9-E94787443236}.Release|Any CPU.ActiveCfg = Release|Any CPU
		{4DCF8A9C-CFB9-422C-8CC9-E94787443236}.Release|Any CPU.Build.0 = Release|Any CPU
		{1F58AB85-57CD-43FA-A732-4988F6E46D0F}.Debug|Any CPU.ActiveCfg = Debug|Any CPU
		{1F58AB85-57CD-43FA-A732-4988F6E46D0F}.Debug|Any CPU.Build.0 = Debug|Any CPU
		{1F58AB85-57CD-43FA-A732-4988F6E46D0F}.Release|Any CPU.ActiveCfg = Release|Any CPU
		{1F58AB85-57CD-43FA-A732-4988F6E46D0F}.Release|Any CPU.Build.0 = Release|Any CPU
		{33E91894-F6B3-47F5-A193-BDB92517E8BB}.Debug|Any CPU.ActiveCfg = Debug|Any CPU
		{33E91894-F6B3-47F5-A193-BDB92517E8BB}.Debug|Any CPU.Build.0 = Debug|Any CPU
		{33E91894-F6B3-47F5-A193-BDB92517E8BB}.Release|Any CPU.ActiveCfg = Release|Any CPU
		{33E91894-F6B3-47F5-A193-BDB92517E8BB}.Release|Any CPU.Build.0 = Release|Any CPU
	EndGlobalSection
	GlobalSection(SolutionProperties) = preSolution
		HideSolutionNode = FALSE
	EndGlobalSection
	GlobalSection(ExtensibilityGlobals) = postSolution
		SolutionGuid = {68B1BBDE-ED1C-49AB-A9BB-690E1AD78D30}
	EndGlobalSection
EndGlobal
